// !$*UTF8*$!
{
	archiveVersion = 1;
	classes = {
	};
	objectVersion = 51;
	objects = {

/* Begin PBXBuildFile section */
		4AAF0A3485477EABDB7E07A2 /* Pods_Calorie_Tracker.framework in Frameworks */ = {isa = PBXBuildFile; fileRef = 1E3D671D20FA81E974FA088D /* Pods_Calorie_Tracker.framework */; };
		8569E97223C1A1AD00626568 /* CalorieTracker.xcdatamodeld in Sources */ = {isa = PBXBuildFile; fileRef = 8569E97023C1A1AD00626568 /* CalorieTracker.xcdatamodeld */; };
		8569E97D23C1E78D00626568 /* CoreDataStack.swift in Sources */ = {isa = PBXBuildFile; fileRef = 8569E97C23C1E78D00626568 /* CoreDataStack.swift */; };
		8569E98023C1EB1400626568 /* CalorieCount+CoreDataClass.swift in Sources */ = {isa = PBXBuildFile; fileRef = 8569E97F23C1EB1400626568 /* CalorieCount+CoreDataClass.swift */; };
		8569E98123C1EB1400626568 /* CalorieCount+CoreDataProperties.swift in Sources */ = {isa = PBXBuildFile; fileRef = 8569E97E23C1EB1400626568 /* CalorieCount+CoreDataProperties.swift */; };
		8569E98323C3094700626568 /* CalorieTrackerTableViewController.swift in Sources */ = {isa = PBXBuildFile; fileRef = 8569E98223C3094700626568 /* CalorieTrackerTableViewController.swift */; };
		85875B4D23AD6643003DAEF4 /* AppDelegate.swift in Sources */ = {isa = PBXBuildFile; fileRef = 85875B4C23AD6643003DAEF4 /* AppDelegate.swift */; };
		85875B4F23AD6643003DAEF4 /* SceneDelegate.swift in Sources */ = {isa = PBXBuildFile; fileRef = 85875B4E23AD6643003DAEF4 /* SceneDelegate.swift */; };
		85875B5423AD6643003DAEF4 /* Main.storyboard in Resources */ = {isa = PBXBuildFile; fileRef = 85875B5223AD6643003DAEF4 /* Main.storyboard */; };
		85875B5623AD6645003DAEF4 /* Assets.xcassets in Resources */ = {isa = PBXBuildFile; fileRef = 85875B5523AD6645003DAEF4 /* Assets.xcassets */; };
		85875B5923AD6645003DAEF4 /* LaunchScreen.storyboard in Resources */ = {isa = PBXBuildFile; fileRef = 85875B5723AD6645003DAEF4 /* LaunchScreen.storyboard */; };
/* End PBXBuildFile section */

/* Begin PBXFileReference section */
		1E3D671D20FA81E974FA088D /* Pods_Calorie_Tracker.framework */ = {isa = PBXFileReference; explicitFileType = wrapper.framework; includeInIndex = 0; path = Pods_Calorie_Tracker.framework; sourceTree = BUILT_PRODUCTS_DIR; };
		1F2E09F598DB657C49D3645C /* Pods-Calorie Tracker.release.xcconfig */ = {isa = PBXFileReference; includeInIndex = 1; lastKnownFileType = text.xcconfig; name = "Pods-Calorie Tracker.release.xcconfig"; path = "Target Support Files/Pods-Calorie Tracker/Pods-Calorie Tracker.release.xcconfig"; sourceTree = "<group>"; };
		8569E97123C1A1AD00626568 /* CalorieTracker.xcdatamodel */ = {isa = PBXFileReference; lastKnownFileType = wrapper.xcdatamodel; path = CalorieTracker.xcdatamodel; sourceTree = "<group>"; };
		8569E97C23C1E78D00626568 /* CoreDataStack.swift */ = {isa = PBXFileReference; lastKnownFileType = sourcecode.swift; path = CoreDataStack.swift; sourceTree = "<group>"; };
		8569E97E23C1EB1400626568 /* CalorieCount+CoreDataProperties.swift */ = {isa = PBXFileReference; lastKnownFileType = sourcecode.swift; name = "CalorieCount+CoreDataProperties.swift"; path = "/Users/brandi/Desktop/ios-sprint-challenge-calorie-tracker/Calorie Tracker/CalorieCount+CoreDataProperties.swift"; sourceTree = "<absolute>"; };
		8569E97F23C1EB1400626568 /* CalorieCount+CoreDataClass.swift */ = {isa = PBXFileReference; lastKnownFileType = sourcecode.swift; name = "CalorieCount+CoreDataClass.swift"; path = "/Users/brandi/Desktop/ios-sprint-challenge-calorie-tracker/Calorie Tracker/CalorieCount+CoreDataClass.swift"; sourceTree = "<absolute>"; };
		8569E98223C3094700626568 /* CalorieTrackerTableViewController.swift */ = {isa = PBXFileReference; lastKnownFileType = sourcecode.swift; path = CalorieTrackerTableViewController.swift; sourceTree = "<group>"; };
		85875B4923AD6643003DAEF4 /* Calorie Tracker.app */ = {isa = PBXFileReference; explicitFileType = wrapper.application; includeInIndex = 0; path = "Calorie Tracker.app"; sourceTree = BUILT_PRODUCTS_DIR; };
		85875B4C23AD6643003DAEF4 /* AppDelegate.swift */ = {isa = PBXFileReference; lastKnownFileType = sourcecode.swift; path = AppDelegate.swift; sourceTree = "<group>"; };
		85875B4E23AD6643003DAEF4 /* SceneDelegate.swift */ = {isa = PBXFileReference; lastKnownFileType = sourcecode.swift; path = SceneDelegate.swift; sourceTree = "<group>"; };
		85875B5323AD6643003DAEF4 /* Base */ = {isa = PBXFileReference; lastKnownFileType = file.storyboard; name = Base; path = Base.lproj/Main.storyboard; sourceTree = "<group>"; };
		85875B5523AD6645003DAEF4 /* Assets.xcassets */ = {isa = PBXFileReference; lastKnownFileType = folder.assetcatalog; path = Assets.xcassets; sourceTree = "<group>"; };
		85875B5823AD6645003DAEF4 /* Base */ = {isa = PBXFileReference; lastKnownFileType = file.storyboard; name = Base; path = Base.lproj/LaunchScreen.storyboard; sourceTree = "<group>"; };
		85875B5A23AD6645003DAEF4 /* Info.plist */ = {isa = PBXFileReference; lastKnownFileType = text.plist.xml; path = Info.plist; sourceTree = "<group>"; };
		C9A279B385B82D4923DBDA9C /* Pods-Calorie Tracker.debug.xcconfig */ = {isa = PBXFileReference; includeInIndex = 1; lastKnownFileType = text.xcconfig; name = "Pods-Calorie Tracker.debug.xcconfig"; path = "Target Support Files/Pods-Calorie Tracker/Pods-Calorie Tracker.debug.xcconfig"; sourceTree = "<group>"; };
/* End PBXFileReference section */

/* Begin PBXFrameworksBuildPhase section */
		85875B4623AD6643003DAEF4 /* Frameworks */ = {
			isa = PBXFrameworksBuildPhase;
			buildActionMask = 2147483647;
			files = (
				4AAF0A3485477EABDB7E07A2 /* Pods_Calorie_Tracker.framework in Frameworks */,
			);
			runOnlyForDeploymentPostprocessing = 0;
		};
/* End PBXFrameworksBuildPhase section */

/* Begin PBXGroup section */
		2CE2FD8462AAC99569C6AC59 /* Frameworks */ = {
			isa = PBXGroup;
			children = (
				1E3D671D20FA81E974FA088D /* Pods_Calorie_Tracker.framework */,
			);
			name = Frameworks;
			sourceTree = "<group>";
		};
		8569E97523C1A47200626568 /* Data */ = {
			isa = PBXGroup;
			children = (
				8569E97F23C1EB1400626568 /* CalorieCount+CoreDataClass.swift */,
				8569E97E23C1EB1400626568 /* CalorieCount+CoreDataProperties.swift */,
				8569E97023C1A1AD00626568 /* CalorieTracker.xcdatamodeld */,
				8569E97C23C1E78D00626568 /* CoreDataStack.swift */,
			);
			name = Data;
			path = ..;
			sourceTree = "<group>";
		};
		8569E97623C1A48300626568 /* Views */ = {
			isa = PBXGroup;
			children = (
				85875B5223AD6643003DAEF4 /* Main.storyboard */,
				85875B5523AD6645003DAEF4 /* Assets.xcassets */,
				85875B5723AD6645003DAEF4 /* LaunchScreen.storyboard */,
			);
			path = Views;
			sourceTree = "<group>";
		};
		8569E97723C1A49700626568 /* Resources */ = {
			isa = PBXGroup;
			children = (
				85875B4C23AD6643003DAEF4 /* AppDelegate.swift */,
				85875B4E23AD6643003DAEF4 /* SceneDelegate.swift */,
			);
			path = Resources;
			sourceTree = "<group>";
		};
		8569E98423C3094C00626568 /* View Controllers */ = {
			isa = PBXGroup;
			children = (
				8569E98223C3094700626568 /* CalorieTrackerTableViewController.swift */,
			);
			path = "View Controllers";
			sourceTree = "<group>";
		};
		85875B4023AD6643003DAEF4 = {
			isa = PBXGroup;
			children = (
				85875B4B23AD6643003DAEF4 /* Calorie Tracker */,
				85875B4A23AD6643003DAEF4 /* Products */,
				9A0A53E9014D69E86C0E504C /* Pods */,
				2CE2FD8462AAC99569C6AC59 /* Frameworks */,
			);
			sourceTree = "<group>";
		};
		85875B4A23AD6643003DAEF4 /* Products */ = {
			isa = PBXGroup;
			children = (
				85875B4923AD6643003DAEF4 /* Calorie Tracker.app */,
			);
			name = Products;
			sourceTree = "<group>";
		};
		85875B4B23AD6643003DAEF4 /* Calorie Tracker */ = {
			isa = PBXGroup;
			children = (
				8569E97523C1A47200626568 /* Data */,
				8569E97723C1A49700626568 /* Resources */,
				8569E97623C1A48300626568 /* Views */,
				85875B5A23AD6645003DAEF4 /* Info.plist */,
				8569E98423C3094C00626568 /* View Controllers */,
			);
			path = "Calorie Tracker";
			sourceTree = "<group>";
		};
		9A0A53E9014D69E86C0E504C /* Pods */ = {
			isa = PBXGroup;
			children = (
				C9A279B385B82D4923DBDA9C /* Pods-Calorie Tracker.debug.xcconfig */,
				1F2E09F598DB657C49D3645C /* Pods-Calorie Tracker.release.xcconfig */,
			);
			path = Pods;
			sourceTree = "<group>";
		};
/* End PBXGroup section */

/* Begin PBXNativeTarget section */
		85875B4823AD6643003DAEF4 /* Calorie Tracker */ = {
			isa = PBXNativeTarget;
			buildConfigurationList = 85875B5D23AD6645003DAEF4 /* Build configuration list for PBXNativeTarget "Calorie Tracker" */;
			buildPhases = (
				2BA8599F0E5BD1C90B4E03B9 /* [CP] Check Pods Manifest.lock */,
				85875B6023AD68B5003DAEF4 /* ShellScript */,
				85875B4523AD6643003DAEF4 /* Sources */,
				85875B4623AD6643003DAEF4 /* Frameworks */,
				85875B4723AD6643003DAEF4 /* Resources */,
				050C1D7F1C3C1B08A1660D6A /* [CP] Embed Pods Frameworks */,
			);
			buildRules = (
			);
			dependencies = (
			);
			name = "Calorie Tracker";
			productName = "Calorie Tracker";
			productReference = 85875B4923AD6643003DAEF4 /* Calorie Tracker.app */;
			productType = "com.apple.product-type.application";
		};
/* End PBXNativeTarget section */

/* Begin PBXProject section */
		85875B4123AD6643003DAEF4 /* Project object */ = {
			isa = PBXProject;
			attributes = {
				LastSwiftUpdateCheck = 1130;
				LastUpgradeCheck = 1130;
				ORGANIZATIONNAME = "Brandi Bailey";
				TargetAttributes = {
					85875B4823AD6643003DAEF4 = {
						CreatedOnToolsVersion = 11.3;
					};
				};
			};
			buildConfigurationList = 85875B4423AD6643003DAEF4 /* Build configuration list for PBXProject "Calorie Tracker" */;
			compatibilityVersion = "Xcode 9.3";
			developmentRegion = en;
			hasScannedForEncodings = 0;
			knownRegions = (
				en,
				Base,
			);
			mainGroup = 85875B4023AD6643003DAEF4;
			productRefGroup = 85875B4A23AD6643003DAEF4 /* Products */;
			projectDirPath = "";
			projectRoot = "";
			targets = (
				85875B4823AD6643003DAEF4 /* Calorie Tracker */,
			);
		};
/* End PBXProject section */

/* Begin PBXResourcesBuildPhase section */
		85875B4723AD6643003DAEF4 /* Resources */ = {
			isa = PBXResourcesBuildPhase;
			buildActionMask = 2147483647;
			files = (
				85875B5923AD6645003DAEF4 /* LaunchScreen.storyboard in Resources */,
				85875B5623AD6645003DAEF4 /* Assets.xcassets in Resources */,
				85875B5423AD6643003DAEF4 /* Main.storyboard in Resources */,
			);
			runOnlyForDeploymentPostprocessing = 0;
		};
/* End PBXResourcesBuildPhase section */

/* Begin PBXShellScriptBuildPhase section */
		050C1D7F1C3C1B08A1660D6A /* [CP] Embed Pods Frameworks */ = {
			isa = PBXShellScriptBuildPhase;
			buildActionMask = 2147483647;
			files = (
			);
			inputFileListPaths = (
				"${PODS_ROOT}/Target Support Files/Pods-Calorie Tracker/Pods-Calorie Tracker-frameworks-${CONFIGURATION}-input-files.xcfilelist",
			);
			name = "[CP] Embed Pods Frameworks";
			outputFileListPaths = (
				"${PODS_ROOT}/Target Support Files/Pods-Calorie Tracker/Pods-Calorie Tracker-frameworks-${CONFIGURATION}-output-files.xcfilelist",
			);
			runOnlyForDeploymentPostprocessing = 0;
			shellPath = /bin/sh;
			shellScript = "\"${PODS_ROOT}/Target Support Files/Pods-Calorie Tracker/Pods-Calorie Tracker-frameworks.sh\"\n";
			showEnvVarsInLog = 0;
		};
		2BA8599F0E5BD1C90B4E03B9 /* [CP] Check Pods Manifest.lock */ = {
			isa = PBXShellScriptBuildPhase;
			buildActionMask = 2147483647;
			files = (
			);
			inputFileListPaths = (
			);
			inputPaths = (
				"${PODS_PODFILE_DIR_PATH}/Podfile.lock",
				"${PODS_ROOT}/Manifest.lock",
			);
			name = "[CP] Check Pods Manifest.lock";
			outputFileListPaths = (
			);
			outputPaths = (
				"$(DERIVED_FILE_DIR)/Pods-Calorie Tracker-checkManifestLockResult.txt",
			);
			runOnlyForDeploymentPostprocessing = 0;
			shellPath = /bin/sh;
			shellScript = "diff \"${PODS_PODFILE_DIR_PATH}/Podfile.lock\" \"${PODS_ROOT}/Manifest.lock\" > /dev/null\nif [ $? != 0 ] ; then\n    # print error to STDERR\n    echo \"error: The sandbox is not in sync with the Podfile.lock. Run 'pod install' or update your CocoaPods installation.\" >&2\n    exit 1\nfi\n# This output is used by Xcode 'outputs' to avoid re-running this script phase.\necho \"SUCCESS\" > \"${SCRIPT_OUTPUT_FILE_0}\"\n";
			showEnvVarsInLog = 0;
		};
		85875B6023AD68B5003DAEF4 /* ShellScript */ = {
			isa = PBXShellScriptBuildPhase;
			buildActionMask = 2147483647;
			files = (
			);
			inputFileListPaths = (
			);
			inputPaths = (
			);
			outputFileListPaths = (
			);
			outputPaths = (
			);
			runOnlyForDeploymentPostprocessing = 0;
			shellPath = /bin/sh;
			shellScript = "if which swiftlint >/dev/null; then\n  swiftlint\nelse\n  echo \"warning: SwiftLint not installed, download from https://github.com/realm/SwiftLint\"\nfi\n";
		};
/* End PBXShellScriptBuildPhase section */

/* Begin PBXSourcesBuildPhase section */
		85875B4523AD6643003DAEF4 /* Sources */ = {
			isa = PBXSourcesBuildPhase;
			buildActionMask = 2147483647;
			files = (
				85875B4D23AD6643003DAEF4 /* AppDelegate.swift in Sources */,
				8569E98123C1EB1400626568 /* CalorieCount+CoreDataProperties.swift in Sources */,
				8569E98323C3094700626568 /* CalorieTrackerTableViewController.swift in Sources */,
				85875B4F23AD6643003DAEF4 /* SceneDelegate.swift in Sources */,
				8569E98023C1EB1400626568 /* CalorieCount+CoreDataClass.swift in Sources */,
				8569E97D23C1E78D00626568 /* CoreDataStack.swift in Sources */,
				8569E97223C1A1AD00626568 /* CalorieTracker.xcdatamodeld in Sources */,
			);
			runOnlyForDeploymentPostprocessing = 0;
		};
/* End PBXSourcesBuildPhase section */

/* Begin PBXVariantGroup section */
		85875B5223AD6643003DAEF4 /* Main.storyboard */ = {
			isa = PBXVariantGroup;
			children = (
				85875B5323AD6643003DAEF4 /* Base */,
			);
			name = Main.storyboard;
			sourceTree = "<group>";
		};
		85875B5723AD6645003DAEF4 /* LaunchScreen.storyboard */ = {
			isa = PBXVariantGroup;
			children = (
				85875B5823AD6645003DAEF4 /* Base */,
			);
			name = LaunchScreen.storyboard;
			sourceTree = "<group>";
		};
/* End PBXVariantGroup section */

/* Begin XCBuildConfiguration section */
		85875B5B23AD6645003DAEF4 /* Debug */ = {
			isa = XCBuildConfiguration;
			buildSettings = {
				ALWAYS_SEARCH_USER_PATHS = NO;
				CLANG_ANALYZER_NONNULL = YES;
				CLANG_ANALYZER_NUMBER_OBJECT_CONVERSION = YES_AGGRESSIVE;
				CLANG_CXX_LANGUAGE_STANDARD = "gnu++14";
				CLANG_CXX_LIBRARY = "libc++";
				CLANG_ENABLE_MODULES = YES;
				CLANG_ENABLE_OBJC_ARC = YES;
				CLANG_ENABLE_OBJC_WEAK = YES;
				CLANG_WARN_BLOCK_CAPTURE_AUTORELEASING = YES;
				CLANG_WARN_BOOL_CONVERSION = YES;
				CLANG_WARN_COMMA = YES;
				CLANG_WARN_CONSTANT_CONVERSION = YES;
				CLANG_WARN_DEPRECATED_OBJC_IMPLEMENTATIONS = YES;
				CLANG_WARN_DIRECT_OBJC_ISA_USAGE = YES_ERROR;
				CLANG_WARN_DOCUMENTATION_COMMENTS = YES;
				CLANG_WARN_EMPTY_BODY = YES;
				CLANG_WARN_ENUM_CONVERSION = YES;
				CLANG_WARN_INFINITE_RECURSION = YES;
				CLANG_WARN_INT_CONVERSION = YES;
				CLANG_WARN_NON_LITERAL_NULL_CONVERSION = YES;
				CLANG_WARN_OBJC_IMPLICIT_RETAIN_SELF = YES;
				CLANG_WARN_OBJC_LITERAL_CONVERSION = YES;
				CLANG_WARN_OBJC_ROOT_CLASS = YES_ERROR;
				CLANG_WARN_RANGE_LOOP_ANALYSIS = YES;
				CLANG_WARN_STRICT_PROTOTYPES = YES;
				CLANG_WARN_SUSPICIOUS_MOVE = YES;
				CLANG_WARN_UNGUARDED_AVAILABILITY = YES_AGGRESSIVE;
				CLANG_WARN_UNREACHABLE_CODE = YES;
				CLANG_WARN__DUPLICATE_METHOD_MATCH = YES;
				COPY_PHASE_STRIP = NO;
				DEBUG_INFORMATION_FORMAT = dwarf;
				ENABLE_STRICT_OBJC_MSGSEND = YES;
				ENABLE_TESTABILITY = YES;
				GCC_C_LANGUAGE_STANDARD = gnu11;
				GCC_DYNAMIC_NO_PIC = NO;
				GCC_NO_COMMON_BLOCKS = YES;
				GCC_OPTIMIZATION_LEVEL = 0;
				GCC_PREPROCESSOR_DEFINITIONS = (
					"DEBUG=1",
					"$(inherited)",
				);
				GCC_WARN_64_TO_32_BIT_CONVERSION = YES;
				GCC_WARN_ABOUT_RETURN_TYPE = YES_ERROR;
				GCC_WARN_UNDECLARED_SELECTOR = YES;
				GCC_WARN_UNINITIALIZED_AUTOS = YES_AGGRESSIVE;
				GCC_WARN_UNUSED_FUNCTION = YES;
				GCC_WARN_UNUSED_VARIABLE = YES;
				IPHONEOS_DEPLOYMENT_TARGET = 13.2;
				MTL_ENABLE_DEBUG_INFO = INCLUDE_SOURCE;
				MTL_FAST_MATH = YES;
				ONLY_ACTIVE_ARCH = YES;
				SDKROOT = iphoneos;
				SWIFT_ACTIVE_COMPILATION_CONDITIONS = DEBUG;
				SWIFT_OPTIMIZATION_LEVEL = "-Onone";
			};
			name = Debug;
		};
		85875B5C23AD6645003DAEF4 /* Release */ = {
			isa = XCBuildConfiguration;
			buildSettings = {
				ALWAYS_SEARCH_USER_PATHS = NO;
				CLANG_ANALYZER_NONNULL = YES;
				CLANG_ANALYZER_NUMBER_OBJECT_CONVERSION = YES_AGGRESSIVE;
				CLANG_CXX_LANGUAGE_STANDARD = "gnu++14";
				CLANG_CXX_LIBRARY = "libc++";
				CLANG_ENABLE_MODULES = YES;
				CLANG_ENABLE_OBJC_ARC = YES;
				CLANG_ENABLE_OBJC_WEAK = YES;
				CLANG_WARN_BLOCK_CAPTURE_AUTORELEASING = YES;
				CLANG_WARN_BOOL_CONVERSION = YES;
				CLANG_WARN_COMMA = YES;
				CLANG_WARN_CONSTANT_CONVERSION = YES;
				CLANG_WARN_DEPRECATED_OBJC_IMPLEMENTATIONS = YES;
				CLANG_WARN_DIRECT_OBJC_ISA_USAGE = YES_ERROR;
				CLANG_WARN_DOCUMENTATION_COMMENTS = YES;
				CLANG_WARN_EMPTY_BODY = YES;
				CLANG_WARN_ENUM_CONVERSION = YES;
				CLANG_WARN_INFINITE_RECURSION = YES;
				CLANG_WARN_INT_CONVERSION = YES;
				CLANG_WARN_NON_LITERAL_NULL_CONVERSION = YES;
				CLANG_WARN_OBJC_IMPLICIT_RETAIN_SELF = YES;
				CLANG_WARN_OBJC_LITERAL_CONVERSION = YES;
				CLANG_WARN_OBJC_ROOT_CLASS = YES_ERROR;
				CLANG_WARN_RANGE_LOOP_ANALYSIS = YES;
				CLANG_WARN_STRICT_PROTOTYPES = YES;
				CLANG_WARN_SUSPICIOUS_MOVE = YES;
				CLANG_WARN_UNGUARDED_AVAILABILITY = YES_AGGRESSIVE;
				CLANG_WARN_UNREACHABLE_CODE = YES;
				CLANG_WARN__DUPLICATE_METHOD_MATCH = YES;
				COPY_PHASE_STRIP = NO;
				DEBUG_INFORMATION_FORMAT = "dwarf-with-dsym";
				ENABLE_NS_ASSERTIONS = NO;
				ENABLE_STRICT_OBJC_MSGSEND = YES;
				GCC_C_LANGUAGE_STANDARD = gnu11;
				GCC_NO_COMMON_BLOCKS = YES;
				GCC_WARN_64_TO_32_BIT_CONVERSION = YES;
				GCC_WARN_ABOUT_RETURN_TYPE = YES_ERROR;
				GCC_WARN_UNDECLARED_SELECTOR = YES;
				GCC_WARN_UNINITIALIZED_AUTOS = YES_AGGRESSIVE;
				GCC_WARN_UNUSED_FUNCTION = YES;
				GCC_WARN_UNUSED_VARIABLE = YES;
				IPHONEOS_DEPLOYMENT_TARGET = 13.2;
				MTL_ENABLE_DEBUG_INFO = NO;
				MTL_FAST_MATH = YES;
				SDKROOT = iphoneos;
				SWIFT_COMPILATION_MODE = wholemodule;
				SWIFT_OPTIMIZATION_LEVEL = "-O";
				VALIDATE_PRODUCT = YES;
			};
			name = Release;
		};
		85875B5E23AD6645003DAEF4 /* Debug */ = {
			isa = XCBuildConfiguration;
			baseConfigurationReference = C9A279B385B82D4923DBDA9C /* Pods-Calorie Tracker.debug.xcconfig */;
			buildSettings = {
				ASSETCATALOG_COMPILER_APPICON_NAME = AppIcon;
				CODE_SIGN_STYLE = Automatic;
				DEVELOPMENT_TEAM = UF4PHTK7P6;
				INFOPLIST_FILE = "Calorie Tracker/Info.plist";
				LD_RUNPATH_SEARCH_PATHS = (
					"$(inherited)",
					"@executable_path/Frameworks",
				);
				PRODUCT_BUNDLE_IDENTIFIER = "com.Calorie-Tracker";
				PRODUCT_NAME = "$(TARGET_NAME)";
				SWIFT_VERSION = 5.0;
				TARGETED_DEVICE_FAMILY = "1,2";
			};
			name = Debug;
		};
		85875B5F23AD6645003DAEF4 /* Release */ = {
			isa = XCBuildConfiguration;
			baseConfigurationReference = 1F2E09F598DB657C49D3645C /* Pods-Calorie Tracker.release.xcconfig */;
			buildSettings = {
				ASSETCATALOG_COMPILER_APPICON_NAME = AppIcon;
				CODE_SIGN_STYLE = Automatic;
				DEVELOPMENT_TEAM = UF4PHTK7P6;
				INFOPLIST_FILE = "Calorie Tracker/Info.plist";
				LD_RUNPATH_SEARCH_PATHS = (
					"$(inherited)",
					"@executable_path/Frameworks",
				);
				PRODUCT_BUNDLE_IDENTIFIER = "com.Calorie-Tracker";
				PRODUCT_NAME = "$(TARGET_NAME)";
				SWIFT_VERSION = 5.0;
				TARGETED_DEVICE_FAMILY = "1,2";
			};
			name = Release;
		};
/* End XCBuildConfiguration section */

/* Begin XCConfigurationList section */
		85875B4423AD6643003DAEF4 /* Build configuration list for PBXProject "Calorie Tracker" */ = {
			isa = XCConfigurationList;
			buildConfigurations = (
				85875B5B23AD6645003DAEF4 /* Debug */,
				85875B5C23AD6645003DAEF4 /* Release */,
			);
			defaultConfigurationIsVisible = 0;
			defaultConfigurationName = Release;
		};
		85875B5D23AD6645003DAEF4 /* Build configuration list for PBXNativeTarget "Calorie Tracker" */ = {
			isa = XCConfigurationList;
			buildConfigurations = (
				85875B5E23AD6645003DAEF4 /* Debug */,
				85875B5F23AD6645003DAEF4 /* Release */,
			);
			defaultConfigurationIsVisible = 0;
			defaultConfigurationName = Release;
		};
/* End XCConfigurationList section */

/* Begin XCVersionGroup section */
		8569E97023C1A1AD00626568 /* CalorieTracker.xcdatamodeld */ = {
			isa = XCVersionGroup;
			children = (
				8569E97123C1A1AD00626568 /* CalorieTracker.xcdatamodel */,
			);
			currentVersion = 8569E97123C1A1AD00626568 /* CalorieTracker.xcdatamodel */;
			path = CalorieTracker.xcdatamodeld;
			sourceTree = "<group>";
			versionGroupType = wrapper.xcdatamodel;
		};
/* End XCVersionGroup section */
	};
	rootObject = 85875B4123AD6643003DAEF4 /* Project object */;
}
